
Microsoft Visual Studio Solution File, Format Version 12.00
# Visual Studio 15
VisualStudioVersion = 15.0.28307.757
MinimumVisualStudioVersion = 10.0.40219.1
Project("{8BC9CEB8-8B4A-11D0-8D11-00A0C91BC942}") = "spheremon", "spheremon\spheremon.vcxproj", "{749046E9-2679-4C14-9734-08EBC9EA4322}"
	ProjectSection(ProjectDependencies) = postProject
		{6E98C738-2F73-41B2-A0FE-79B0588FA810} = {6E98C738-2F73-41B2-A0FE-79B0588FA810}
	EndProjectSection
EndProject
Project("{8BC9CEB8-8B4A-11D0-8D11-00A0C91BC942}") = "yarl", "yarl\azuresphere\yarl.vcxproj", "{6E98C738-2F73-41B2-A0FE-79B0588FA810}"
EndProject
Global
	GlobalSection(SolutionConfigurationPlatforms) = preSolution
		Debug|ARM = Debug|ARM
		Release|ARM = Release|ARM
	EndGlobalSection
	GlobalSection(ProjectConfigurationPlatforms) = postSolution
		{749046E9-2679-4C14-9734-08EBC9EA4322}.Debug|ARM.ActiveCfg = Debug|ARM
		{749046E9-2679-4C14-9734-08EBC9EA4322}.Debug|ARM.Build.0 = Debug|ARM
		{749046E9-2679-4C14-9734-08EBC9EA4322}.Release|ARM.ActiveCfg = Release|ARM
		{749046E9-2679-4C14-9734-08EBC9EA4322}.Release|ARM.Build.0 = Release|ARM
		{6E98C738-2F73-41B2-A0FE-79B0588FA810}.Debug|ARM.ActiveCfg = Debug|ARM
		{6E98C738-2F73-41B2-A0FE-79B0588FA810}.Debug|ARM.Build.0 = Debug|ARM
		{6E98C738-2F73-41B2-A0FE-79B0588FA810}.Release|ARM.ActiveCfg = Release|ARM
		{6E98C738-2F73-41B2-A0FE-79B0588FA810}.Release|ARM.Build.0 = Release|ARM
	EndGlobalSection
	GlobalSection(SolutionProperties) = preSolution
		HideSolutionNode = FALSE
	EndGlobalSection
	GlobalSection(ExtensibilityGlobals) = postSolution
		SolutionGuid = {2128674C-3EF3-431A-A6DF-58EC2EE576C9}
	EndGlobalSection
EndGlobal
